
Microsoft Visual Studio Solution File, Format Version 12.00
# Visual Studio Version 17
VisualStudioVersion = 17.13.35825.156 d17.13
MinimumVisualStudioVersion = 10.0.40219.1
Project("{FAE04EC0-301F-11D3-BF4B-00C04F79EFBC}") = "FinanceApp", "FinanceApp.csproj", "{1448E48D-7538-4601-A170-2D3E816ECDF7}"
EndProject
Global
	GlobalSection(SolutionConfigurationPlatforms) = preSolution
		Debug|Any CPU = Debug|Any CPU
		Release|Any CPU = Release|Any CPU
	EndGlobalSection
	GlobalSection(ProjectConfigurationPlatforms) = postSolution
		{1448E48D-7538-4601-A170-2D3E816ECDF7}.Debug|Any CPU.ActiveCfg = Debug|Any CPU
		{1448E48D-7538-4601-A170-2D3E816ECDF7}.Debug|Any CPU.Build.0 = Debug|Any CPU
		{1448E48D-7538-4601-A170-2D3E816ECDF7}.Release|Any CPU.ActiveCfg = Release|Any CPU
		{1448E48D-7538-4601-A170-2D3E816ECDF7}.Release|Any CPU.Build.0 = Release|Any CPU
	EndGlobalSection
	GlobalSection(SolutionProperties) = preSolution
		HideSolutionNode = FALSE
	EndGlobalSection
	GlobalSection(ExtensibilityGlobals) = postSolution
		SolutionGuid = {34E8BD63-BCE2-4766-B83C-C075651084AD}
	EndGlobalSection
EndGlobal
